// !$*UTF8*$!
{
	archiveVersion = 1;
	classes = {
	};
	objectVersion = 56;
	objects = {

/* Begin PBXBuildFile section */
		7B633A8B29A5E22900C4D7E3 /* RMGetAllCharacterResponse.swift in Sources */ = {isa = PBXBuildFile; fileRef = 7B633A8A29A5E22900C4D7E3 /* RMGetAllCharacterResponse.swift */; };
		7B633A8D29A5EDAD00C4D7E3 /* CharacterListViewViewModel.swift in Sources */ = {isa = PBXBuildFile; fileRef = 7B633A8C29A5EDAD00C4D7E3 /* CharacterListViewViewModel.swift */; };
		7B633A8F29A5EE4600C4D7E3 /* CharacterListView.swift in Sources */ = {isa = PBXBuildFile; fileRef = 7B633A8E29A5EE4600C4D7E3 /* CharacterListView.swift */; };
		7B75763E29A39A1E00AA4E35 /* AppDelegate.swift in Sources */ = {isa = PBXBuildFile; fileRef = 7B75763D29A39A1E00AA4E35 /* AppDelegate.swift */; };
		7B75764029A39A1E00AA4E35 /* SceneDelegate.swift in Sources */ = {isa = PBXBuildFile; fileRef = 7B75763F29A39A1E00AA4E35 /* SceneDelegate.swift */; };
		7B75764729A39A2000AA4E35 /* Assets.xcassets in Resources */ = {isa = PBXBuildFile; fileRef = 7B75764629A39A2000AA4E35 /* Assets.xcassets */; };
		7B75764A29A39A2000AA4E35 /* LaunchScreen.storyboard in Resources */ = {isa = PBXBuildFile; fileRef = 7B75764829A39A2000AA4E35 /* LaunchScreen.storyboard */; };
		7B75765929A39FCD00AA4E35 /* RMLocation.swift in Sources */ = {isa = PBXBuildFile; fileRef = 7B75765829A39FCD00AA4E35 /* RMLocation.swift */; };
		7B75765B29A39FDB00AA4E35 /* RMCharacter.swift in Sources */ = {isa = PBXBuildFile; fileRef = 7B75765A29A39FDB00AA4E35 /* RMCharacter.swift */; };
		7B75765D29A39FF000AA4E35 /* RMEpisode.swift in Sources */ = {isa = PBXBuildFile; fileRef = 7B75765C29A39FF000AA4E35 /* RMEpisode.swift */; };
		7B75766B29A3A25600AA4E35 /* RMCharacterViewController.swift in Sources */ = {isa = PBXBuildFile; fileRef = 7B75766A29A3A25600AA4E35 /* RMCharacterViewController.swift */; };
		7B75766D29A3A26200AA4E35 /* RMEpisodeViewController.swift in Sources */ = {isa = PBXBuildFile; fileRef = 7B75766C29A3A26200AA4E35 /* RMEpisodeViewController.swift */; };
		7B75766F29A3A26F00AA4E35 /* RMLocationViewController.swift in Sources */ = {isa = PBXBuildFile; fileRef = 7B75766E29A3A26F00AA4E35 /* RMLocationViewController.swift */; };
		7B75767129A3A27E00AA4E35 /* RMTabViewController.swift in Sources */ = {isa = PBXBuildFile; fileRef = 7B75767029A3A27E00AA4E35 /* RMTabViewController.swift */; };
		7B75767329A3A2B600AA4E35 /* RMSettingsViewController.swift in Sources */ = {isa = PBXBuildFile; fileRef = 7B75767229A3A2B600AA4E35 /* RMSettingsViewController.swift */; };
		7B75767529A49A4200AA4E35 /* RMService.swift in Sources */ = {isa = PBXBuildFile; fileRef = 7B75767429A49A4200AA4E35 /* RMService.swift */; };
		7B75767729A49AD500AA4E35 /* RMRequest.swift in Sources */ = {isa = PBXBuildFile; fileRef = 7B75767629A49AD500AA4E35 /* RMRequest.swift */; };
		7B75767929A49BAC00AA4E35 /* RMEndpoint.swift in Sources */ = {isa = PBXBuildFile; fileRef = 7B75767829A49BAC00AA4E35 /* RMEndpoint.swift */; };
		7B75767B29A4A52600AA4E35 /* RMOrigin.swift in Sources */ = {isa = PBXBuildFile; fileRef = 7B75767A29A4A52600AA4E35 /* RMOrigin.swift */; };
		7B75767D29A4A59000AA4E35 /* RMSingleLocation.swift in Sources */ = {isa = PBXBuildFile; fileRef = 7B75767C29A4A59000AA4E35 /* RMSingleLocation.swift */; };
		7B75767F29A4A73B00AA4E35 /* RMCharacterStatus.swift in Sources */ = {isa = PBXBuildFile; fileRef = 7B75767E29A4A73B00AA4E35 /* RMCharacterStatus.swift */; };
		7B75768129A4A7D900AA4E35 /* RMCharacterGender.swift in Sources */ = {isa = PBXBuildFile; fileRef = 7B75768029A4A7D900AA4E35 /* RMCharacterGender.swift */; };
/* End PBXBuildFile section */

/* Begin PBXFileReference section */
		7B633A8A29A5E22900C4D7E3 /* RMGetAllCharacterResponse.swift */ = {isa = PBXFileReference; lastKnownFileType = sourcecode.swift; path = RMGetAllCharacterResponse.swift; sourceTree = "<group>"; };
		7B633A8C29A5EDAD00C4D7E3 /* CharacterListViewViewModel.swift */ = {isa = PBXFileReference; lastKnownFileType = sourcecode.swift; path = CharacterListViewViewModel.swift; sourceTree = "<group>"; };
		7B633A8E29A5EE4600C4D7E3 /* CharacterListView.swift */ = {isa = PBXFileReference; lastKnownFileType = sourcecode.swift; path = CharacterListView.swift; sourceTree = "<group>"; };
		7B75763A29A39A1E00AA4E35 /* RickAndMorty.app */ = {isa = PBXFileReference; explicitFileType = wrapper.application; includeInIndex = 0; path = RickAndMorty.app; sourceTree = BUILT_PRODUCTS_DIR; };
		7B75763D29A39A1E00AA4E35 /* AppDelegate.swift */ = {isa = PBXFileReference; lastKnownFileType = sourcecode.swift; path = AppDelegate.swift; sourceTree = "<group>"; };
		7B75763F29A39A1E00AA4E35 /* SceneDelegate.swift */ = {isa = PBXFileReference; lastKnownFileType = sourcecode.swift; path = SceneDelegate.swift; sourceTree = "<group>"; };
		7B75764629A39A2000AA4E35 /* Assets.xcassets */ = {isa = PBXFileReference; lastKnownFileType = folder.assetcatalog; path = Assets.xcassets; sourceTree = "<group>"; };
		7B75764929A39A2000AA4E35 /* Base */ = {isa = PBXFileReference; lastKnownFileType = file.storyboard; name = Base; path = Base.lproj/LaunchScreen.storyboard; sourceTree = "<group>"; };
		7B75764B29A39A2000AA4E35 /* Info.plist */ = {isa = PBXFileReference; lastKnownFileType = text.plist.xml; path = Info.plist; sourceTree = "<group>"; };
		7B75765829A39FCD00AA4E35 /* RMLocation.swift */ = {isa = PBXFileReference; lastKnownFileType = sourcecode.swift; path = RMLocation.swift; sourceTree = "<group>"; };
		7B75765A29A39FDB00AA4E35 /* RMCharacter.swift */ = {isa = PBXFileReference; lastKnownFileType = sourcecode.swift; path = RMCharacter.swift; sourceTree = "<group>"; };
		7B75765C29A39FF000AA4E35 /* RMEpisode.swift */ = {isa = PBXFileReference; lastKnownFileType = sourcecode.swift; path = RMEpisode.swift; sourceTree = "<group>"; };
		7B75766A29A3A25600AA4E35 /* RMCharacterViewController.swift */ = {isa = PBXFileReference; lastKnownFileType = sourcecode.swift; path = RMCharacterViewController.swift; sourceTree = "<group>"; };
		7B75766C29A3A26200AA4E35 /* RMEpisodeViewController.swift */ = {isa = PBXFileReference; lastKnownFileType = sourcecode.swift; path = RMEpisodeViewController.swift; sourceTree = "<group>"; };
		7B75766E29A3A26F00AA4E35 /* RMLocationViewController.swift */ = {isa = PBXFileReference; lastKnownFileType = sourcecode.swift; path = RMLocationViewController.swift; sourceTree = "<group>"; };
		7B75767029A3A27E00AA4E35 /* RMTabViewController.swift */ = {isa = PBXFileReference; lastKnownFileType = sourcecode.swift; path = RMTabViewController.swift; sourceTree = "<group>"; };
		7B75767229A3A2B600AA4E35 /* RMSettingsViewController.swift */ = {isa = PBXFileReference; lastKnownFileType = sourcecode.swift; path = RMSettingsViewController.swift; sourceTree = "<group>"; };
		7B75767429A49A4200AA4E35 /* RMService.swift */ = {isa = PBXFileReference; lastKnownFileType = sourcecode.swift; path = RMService.swift; sourceTree = "<group>"; };
		7B75767629A49AD500AA4E35 /* RMRequest.swift */ = {isa = PBXFileReference; lastKnownFileType = sourcecode.swift; path = RMRequest.swift; sourceTree = "<group>"; };
		7B75767829A49BAC00AA4E35 /* RMEndpoint.swift */ = {isa = PBXFileReference; lastKnownFileType = sourcecode.swift; path = RMEndpoint.swift; sourceTree = "<group>"; };
		7B75767A29A4A52600AA4E35 /* RMOrigin.swift */ = {isa = PBXFileReference; lastKnownFileType = sourcecode.swift; path = RMOrigin.swift; sourceTree = "<group>"; };
		7B75767C29A4A59000AA4E35 /* RMSingleLocation.swift */ = {isa = PBXFileReference; lastKnownFileType = sourcecode.swift; path = RMSingleLocation.swift; sourceTree = "<group>"; };
		7B75767E29A4A73B00AA4E35 /* RMCharacterStatus.swift */ = {isa = PBXFileReference; lastKnownFileType = sourcecode.swift; path = RMCharacterStatus.swift; sourceTree = "<group>"; };
		7B75768029A4A7D900AA4E35 /* RMCharacterGender.swift */ = {isa = PBXFileReference; lastKnownFileType = sourcecode.swift; path = RMCharacterGender.swift; sourceTree = "<group>"; };
/* End PBXFileReference section */

/* Begin PBXFrameworksBuildPhase section */
		7B75763729A39A1E00AA4E35 /* Frameworks */ = {
			isa = PBXFrameworksBuildPhase;
			buildActionMask = 2147483647;
			files = (
			);
			runOnlyForDeploymentPostprocessing = 0;
		};
/* End PBXFrameworksBuildPhase section */

/* Begin PBXGroup section */
		7B633A8829A5E20100C4D7E3 /* DataTypes */ = {
			isa = PBXGroup;
			children = (
				7B75765829A39FCD00AA4E35 /* RMLocation.swift */,
				7B75765A29A39FDB00AA4E35 /* RMCharacter.swift */,
				7B75765C29A39FF000AA4E35 /* RMEpisode.swift */,
				7B75767A29A4A52600AA4E35 /* RMOrigin.swift */,
				7B75767C29A4A59000AA4E35 /* RMSingleLocation.swift */,
				7B75767E29A4A73B00AA4E35 /* RMCharacterStatus.swift */,
				7B75768029A4A7D900AA4E35 /* RMCharacterGender.swift */,
			);
			path = DataTypes;
			sourceTree = "<group>";
		};
		7B633A8929A5E21200C4D7E3 /* ResponseTypes */ = {
			isa = PBXGroup;
			children = (
				7B633A8A29A5E22900C4D7E3 /* RMGetAllCharacterResponse.swift */,
			);
			path = ResponseTypes;
			sourceTree = "<group>";
		};
		7B75763129A39A1E00AA4E35 = {
			isa = PBXGroup;
			children = (
				7B75763C29A39A1E00AA4E35 /* RickAndMorty */,
				7B75763B29A39A1E00AA4E35 /* Products */,
			);
			sourceTree = "<group>";
		};
		7B75763B29A39A1E00AA4E35 /* Products */ = {
			isa = PBXGroup;
			children = (
				7B75763A29A39A1E00AA4E35 /* RickAndMorty.app */,
			);
			name = Products;
			sourceTree = "<group>";
		};
		7B75763C29A39A1E00AA4E35 /* RickAndMorty */ = {
			isa = PBXGroup;
			children = (
				7B75765729A39CE600AA4E35 /* Resources */,
				7B75765629A39CDF00AA4E35 /* Managers */,
				7B75765529A39CBE00AA4E35 /* APIClients */,
				7B75765429A39C9300AA4E35 /* ViewModels */,
				7B75765329A39C8C00AA4E35 /* Views */,
				7B75765229A39C8500AA4E35 /* Models */,
				7B75765129A39C7600AA4E35 /* Controllers */,
				7B75764B29A39A2000AA4E35 /* Info.plist */,
			);
			path = RickAndMorty;
			sourceTree = "<group>";
		};
		7B75765129A39C7600AA4E35 /* Controllers */ = {
			isa = PBXGroup;
			children = (
				7B75766929A3A23B00AA4E35 /* Core */,
			);
			path = Controllers;
			sourceTree = "<group>";
		};
		7B75765229A39C8500AA4E35 /* Models */ = {
			isa = PBXGroup;
			children = (
				7B633A8929A5E21200C4D7E3 /* ResponseTypes */,
				7B633A8829A5E20100C4D7E3 /* DataTypes */,
			);
			path = Models;
			sourceTree = "<group>";
		};
		7B75765329A39C8C00AA4E35 /* Views */ = {
			isa = PBXGroup;
			children = (
				7B633A8E29A5EE4600C4D7E3 /* CharacterListView.swift */,
			);
			path = Views;
			sourceTree = "<group>";
		};
		7B75765429A39C9300AA4E35 /* ViewModels */ = {
			isa = PBXGroup;
			children = (
				7B633A8C29A5EDAD00C4D7E3 /* CharacterListViewViewModel.swift */,
			);
			path = ViewModels;
			sourceTree = "<group>";
		};
		7B75765529A39CBE00AA4E35 /* APIClients */ = {
			isa = PBXGroup;
			children = (
				7B75767429A49A4200AA4E35 /* RMService.swift */,
				7B75767629A49AD500AA4E35 /* RMRequest.swift */,
				7B75767829A49BAC00AA4E35 /* RMEndpoint.swift */,
			);
			path = APIClients;
			sourceTree = "<group>";
		};
		7B75765629A39CDF00AA4E35 /* Managers */ = {
			isa = PBXGroup;
			children = (
			);
			path = Managers;
			sourceTree = "<group>";
		};
		7B75765729A39CE600AA4E35 /* Resources */ = {
			isa = PBXGroup;
			children = (
				7B75763D29A39A1E00AA4E35 /* AppDelegate.swift */,
				7B75763F29A39A1E00AA4E35 /* SceneDelegate.swift */,
				7B75764629A39A2000AA4E35 /* Assets.xcassets */,
				7B75764829A39A2000AA4E35 /* LaunchScreen.storyboard */,
			);
			path = Resources;
			sourceTree = "<group>";
		};
		7B75766929A3A23B00AA4E35 /* Core */ = {
			isa = PBXGroup;
			children = (
				7B75767029A3A27E00AA4E35 /* RMTabViewController.swift */,
				7B75766A29A3A25600AA4E35 /* RMCharacterViewController.swift */,
				7B75766C29A3A26200AA4E35 /* RMEpisodeViewController.swift */,
				7B75766E29A3A26F00AA4E35 /* RMLocationViewController.swift */,
				7B75767229A3A2B600AA4E35 /* RMSettingsViewController.swift */,
			);
			path = Core;
			sourceTree = "<group>";
		};
/* End PBXGroup section */

/* Begin PBXNativeTarget section */
		7B75763929A39A1E00AA4E35 /* RickAndMorty */ = {
			isa = PBXNativeTarget;
			buildConfigurationList = 7B75764E29A39A2000AA4E35 /* Build configuration list for PBXNativeTarget "RickAndMorty" */;
			buildPhases = (
				7B75763629A39A1E00AA4E35 /* Sources */,
				7B75763729A39A1E00AA4E35 /* Frameworks */,
				7B75763829A39A1E00AA4E35 /* Resources */,
			);
			buildRules = (
			);
			dependencies = (
			);
			name = RickAndMorty;
			productName = RickAndMorty;
			productReference = 7B75763A29A39A1E00AA4E35 /* RickAndMorty.app */;
			productType = "com.apple.product-type.application";
		};
/* End PBXNativeTarget section */

/* Begin PBXProject section */
		7B75763229A39A1E00AA4E35 /* Project object */ = {
			isa = PBXProject;
			attributes = {
				BuildIndependentTargetsInParallel = 1;
				LastSwiftUpdateCheck = 1420;
				LastUpgradeCheck = 1420;
				TargetAttributes = {
					7B75763929A39A1E00AA4E35 = {
						CreatedOnToolsVersion = 14.2;
					};
				};
			};
			buildConfigurationList = 7B75763529A39A1E00AA4E35 /* Build configuration list for PBXProject "RickAndMorty" */;
			compatibilityVersion = "Xcode 14.0";
			developmentRegion = en;
			hasScannedForEncodings = 0;
			knownRegions = (
				en,
				Base,
			);
			mainGroup = 7B75763129A39A1E00AA4E35;
			productRefGroup = 7B75763B29A39A1E00AA4E35 /* Products */;
			projectDirPath = "";
			projectRoot = "";
			targets = (
				7B75763929A39A1E00AA4E35 /* RickAndMorty */,
			);
		};
/* End PBXProject section */

/* Begin PBXResourcesBuildPhase section */
		7B75763829A39A1E00AA4E35 /* Resources */ = {
			isa = PBXResourcesBuildPhase;
			buildActionMask = 2147483647;
			files = (
				7B75764A29A39A2000AA4E35 /* LaunchScreen.storyboard in Resources */,
				7B75764729A39A2000AA4E35 /* Assets.xcassets in Resources */,
			);
			runOnlyForDeploymentPostprocessing = 0;
		};
/* End PBXResourcesBuildPhase section */

/* Begin PBXSourcesBuildPhase section */
		7B75763629A39A1E00AA4E35 /* Sources */ = {
			isa = PBXSourcesBuildPhase;
			buildActionMask = 2147483647;
			files = (
				7B75767B29A4A52600AA4E35 /* RMOrigin.swift in Sources */,
				7B75767D29A4A59000AA4E35 /* RMSingleLocation.swift in Sources */,
				7B633A8F29A5EE4600C4D7E3 /* CharacterListView.swift in Sources */,
				7B75767F29A4A73B00AA4E35 /* RMCharacterStatus.swift in Sources */,
				7B75768129A4A7D900AA4E35 /* RMCharacterGender.swift in Sources */,
				7B75766F29A3A26F00AA4E35 /* RMLocationViewController.swift in Sources */,
				7B75765D29A39FF000AA4E35 /* RMEpisode.swift in Sources */,
				7B75766D29A3A26200AA4E35 /* RMEpisodeViewController.swift in Sources */,
				7B75766B29A3A25600AA4E35 /* RMCharacterViewController.swift in Sources */,
				7B75763E29A39A1E00AA4E35 /* AppDelegate.swift in Sources */,
				7B75765B29A39FDB00AA4E35 /* RMCharacter.swift in Sources */,
				7B75767329A3A2B600AA4E35 /* RMSettingsViewController.swift in Sources */,
				7B75767529A49A4200AA4E35 /* RMService.swift in Sources */,
				7B75767129A3A27E00AA4E35 /* RMTabViewController.swift in Sources */,
				7B75767929A49BAC00AA4E35 /* RMEndpoint.swift in Sources */,
				7B75764029A39A1E00AA4E35 /* SceneDelegate.swift in Sources */,
				7B75767729A49AD500AA4E35 /* RMRequest.swift in Sources */,
				7B633A8B29A5E22900C4D7E3 /* RMGetAllCharacterResponse.swift in Sources */,
				7B633A8D29A5EDAD00C4D7E3 /* CharacterListViewViewModel.swift in Sources */,
				7B75765929A39FCD00AA4E35 /* RMLocation.swift in Sources */,
			);
			runOnlyForDeploymentPostprocessing = 0;
		};
/* End PBXSourcesBuildPhase section */

/* Begin PBXVariantGroup section */
		7B75764829A39A2000AA4E35 /* LaunchScreen.storyboard */ = {
			isa = PBXVariantGroup;
			children = (
				7B75764929A39A2000AA4E35 /* Base */,
			);
			name = LaunchScreen.storyboard;
			sourceTree = "<group>";
		};
/* End PBXVariantGroup section */

/* Begin XCBuildConfiguration section */
		7B75764C29A39A2000AA4E35 /* Debug */ = {
			isa = XCBuildConfiguration;
			buildSettings = {
				ALWAYS_SEARCH_USER_PATHS = NO;
				CLANG_ANALYZER_NONNULL = YES;
				CLANG_ANALYZER_NUMBER_OBJECT_CONVERSION = YES_AGGRESSIVE;
				CLANG_CXX_LANGUAGE_STANDARD = "gnu++20";
				CLANG_ENABLE_MODULES = YES;
				CLANG_ENABLE_OBJC_ARC = YES;
				CLANG_ENABLE_OBJC_WEAK = YES;
				CLANG_WARN_BLOCK_CAPTURE_AUTORELEASING = YES;
				CLANG_WARN_BOOL_CONVERSION = YES;
				CLANG_WARN_COMMA = YES;
				CLANG_WARN_CONSTANT_CONVERSION = YES;
				CLANG_WARN_DEPRECATED_OBJC_IMPLEMENTATIONS = YES;
				CLANG_WARN_DIRECT_OBJC_ISA_USAGE = YES_ERROR;
				CLANG_WARN_DOCUMENTATION_COMMENTS = YES;
				CLANG_WARN_EMPTY_BODY = YES;
				CLANG_WARN_ENUM_CONVERSION = YES;
				CLANG_WARN_INFINITE_RECURSION = YES;
				CLANG_WARN_INT_CONVERSION = YES;
				CLANG_WARN_NON_LITERAL_NULL_CONVERSION = YES;
				CLANG_WARN_OBJC_IMPLICIT_RETAIN_SELF = YES;
				CLANG_WARN_OBJC_LITERAL_CONVERSION = YES;
				CLANG_WARN_OBJC_ROOT_CLASS = YES_ERROR;
				CLANG_WARN_QUOTED_INCLUDE_IN_FRAMEWORK_HEADER = YES;
				CLANG_WARN_RANGE_LOOP_ANALYSIS = YES;
				CLANG_WARN_STRICT_PROTOTYPES = YES;
				CLANG_WARN_SUSPICIOUS_MOVE = YES;
				CLANG_WARN_UNGUARDED_AVAILABILITY = YES_AGGRESSIVE;
				CLANG_WARN_UNREACHABLE_CODE = YES;
				CLANG_WARN__DUPLICATE_METHOD_MATCH = YES;
				COPY_PHASE_STRIP = NO;
				DEBUG_INFORMATION_FORMAT = dwarf;
				ENABLE_STRICT_OBJC_MSGSEND = YES;
				ENABLE_TESTABILITY = YES;
				GCC_C_LANGUAGE_STANDARD = gnu11;
				GCC_DYNAMIC_NO_PIC = NO;
				GCC_NO_COMMON_BLOCKS = YES;
				GCC_OPTIMIZATION_LEVEL = 0;
				GCC_PREPROCESSOR_DEFINITIONS = (
					"DEBUG=1",
					"$(inherited)",
				);
				GCC_WARN_64_TO_32_BIT_CONVERSION = YES;
				GCC_WARN_ABOUT_RETURN_TYPE = YES_ERROR;
				GCC_WARN_UNDECLARED_SELECTOR = YES;
				GCC_WARN_UNINITIALIZED_AUTOS = YES_AGGRESSIVE;
				GCC_WARN_UNUSED_FUNCTION = YES;
				GCC_WARN_UNUSED_VARIABLE = YES;
				IPHONEOS_DEPLOYMENT_TARGET = 16.2;
				MTL_ENABLE_DEBUG_INFO = INCLUDE_SOURCE;
				MTL_FAST_MATH = YES;
				ONLY_ACTIVE_ARCH = YES;
				SDKROOT = iphoneos;
				SWIFT_ACTIVE_COMPILATION_CONDITIONS = DEBUG;
				SWIFT_OPTIMIZATION_LEVEL = "-Onone";
			};
			name = Debug;
		};
		7B75764D29A39A2000AA4E35 /* Release */ = {
			isa = XCBuildConfiguration;
			buildSettings = {
				ALWAYS_SEARCH_USER_PATHS = NO;
				CLANG_ANALYZER_NONNULL = YES;
				CLANG_ANALYZER_NUMBER_OBJECT_CONVERSION = YES_AGGRESSIVE;
				CLANG_CXX_LANGUAGE_STANDARD = "gnu++20";
				CLANG_ENABLE_MODULES = YES;
				CLANG_ENABLE_OBJC_ARC = YES;
				CLANG_ENABLE_OBJC_WEAK = YES;
				CLANG_WARN_BLOCK_CAPTURE_AUTORELEASING = YES;
				CLANG_WARN_BOOL_CONVERSION = YES;
				CLANG_WARN_COMMA = YES;
				CLANG_WARN_CONSTANT_CONVERSION = YES;
				CLANG_WARN_DEPRECATED_OBJC_IMPLEMENTATIONS = YES;
				CLANG_WARN_DIRECT_OBJC_ISA_USAGE = YES_ERROR;
				CLANG_WARN_DOCUMENTATION_COMMENTS = YES;
				CLANG_WARN_EMPTY_BODY = YES;
				CLANG_WARN_ENUM_CONVERSION = YES;
				CLANG_WARN_INFINITE_RECURSION = YES;
				CLANG_WARN_INT_CONVERSION = YES;
				CLANG_WARN_NON_LITERAL_NULL_CONVERSION = YES;
				CLANG_WARN_OBJC_IMPLICIT_RETAIN_SELF = YES;
				CLANG_WARN_OBJC_LITERAL_CONVERSION = YES;
				CLANG_WARN_OBJC_ROOT_CLASS = YES_ERROR;
				CLANG_WARN_QUOTED_INCLUDE_IN_FRAMEWORK_HEADER = YES;
				CLANG_WARN_RANGE_LOOP_ANALYSIS = YES;
				CLANG_WARN_STRICT_PROTOTYPES = YES;
				CLANG_WARN_SUSPICIOUS_MOVE = YES;
				CLANG_WARN_UNGUARDED_AVAILABILITY = YES_AGGRESSIVE;
				CLANG_WARN_UNREACHABLE_CODE = YES;
				CLANG_WARN__DUPLICATE_METHOD_MATCH = YES;
				COPY_PHASE_STRIP = NO;
				DEBUG_INFORMATION_FORMAT = "dwarf-with-dsym";
				ENABLE_NS_ASSERTIONS = NO;
				ENABLE_STRICT_OBJC_MSGSEND = YES;
				GCC_C_LANGUAGE_STANDARD = gnu11;
				GCC_NO_COMMON_BLOCKS = YES;
				GCC_WARN_64_TO_32_BIT_CONVERSION = YES;
				GCC_WARN_ABOUT_RETURN_TYPE = YES_ERROR;
				GCC_WARN_UNDECLARED_SELECTOR = YES;
				GCC_WARN_UNINITIALIZED_AUTOS = YES_AGGRESSIVE;
				GCC_WARN_UNUSED_FUNCTION = YES;
				GCC_WARN_UNUSED_VARIABLE = YES;
				IPHONEOS_DEPLOYMENT_TARGET = 16.2;
				MTL_ENABLE_DEBUG_INFO = NO;
				MTL_FAST_MATH = YES;
				SDKROOT = iphoneos;
				SWIFT_COMPILATION_MODE = wholemodule;
				SWIFT_OPTIMIZATION_LEVEL = "-O";
				VALIDATE_PRODUCT = YES;
			};
			name = Release;
		};
		7B75764F29A39A2000AA4E35 /* Debug */ = {
			isa = XCBuildConfiguration;
			buildSettings = {
				ASSETCATALOG_COMPILER_APPICON_NAME = AppIcon;
				ASSETCATALOG_COMPILER_GLOBAL_ACCENT_COLOR_NAME = AccentColor;
				CODE_SIGN_STYLE = Automatic;
				CURRENT_PROJECT_VERSION = 1;
				DEVELOPMENT_TEAM = 3WVLC7Y373;
				GENERATE_INFOPLIST_FILE = YES;
				INFOPLIST_FILE = RickAndMorty/Info.plist;
				INFOPLIST_KEY_UIApplicationSupportsIndirectInputEvents = YES;
				INFOPLIST_KEY_UILaunchStoryboardName = LaunchScreen;
				INFOPLIST_KEY_UISupportedInterfaceOrientations_iPad = "UIInterfaceOrientationPortrait UIInterfaceOrientationPortraitUpsideDown UIInterfaceOrientationLandscapeLeft UIInterfaceOrientationLandscapeRight";
				INFOPLIST_KEY_UISupportedInterfaceOrientations_iPhone = "UIInterfaceOrientationPortrait UIInterfaceOrientationLandscapeLeft UIInterfaceOrientationLandscapeRight";
				LD_RUNPATH_SEARCH_PATHS = (
					"$(inherited)",
					"@executable_path/Frameworks",
				);
				MARKETING_VERSION = 1.0;
				PRODUCT_BUNDLE_IDENTIFIER = com.taehwan.RickAndMorty;
				PRODUCT_NAME = "$(TARGET_NAME)";
				SWIFT_EMIT_LOC_STRINGS = YES;
				SWIFT_VERSION = 5.0;
				TARGETED_DEVICE_FAMILY = "1,2";
			};
			name = Debug;
		};
		7B75765029A39A2000AA4E35 /* Release */ = {
			isa = XCBuildConfiguration;
			buildSettings = {
				ASSETCATALOG_COMPILER_APPICON_NAME = AppIcon;
				ASSETCATALOG_COMPILER_GLOBAL_ACCENT_COLOR_NAME = AccentColor;
				CODE_SIGN_STYLE = Automatic;
				CURRENT_PROJECT_VERSION = 1;
				DEVELOPMENT_TEAM = 3WVLC7Y373;
				GENERATE_INFOPLIST_FILE = YES;
				INFOPLIST_FILE = RickAndMorty/Info.plist;
				INFOPLIST_KEY_UIApplicationSupportsIndirectInputEvents = YES;
				INFOPLIST_KEY_UILaunchStoryboardName = LaunchScreen;
				INFOPLIST_KEY_UISupportedInterfaceOrientations_iPad = "UIInterfaceOrientationPortrait UIInterfaceOrientationPortraitUpsideDown UIInterfaceOrientationLandscapeLeft UIInterfaceOrientationLandscapeRight";
				INFOPLIST_KEY_UISupportedInterfaceOrientations_iPhone = "UIInterfaceOrientationPortrait UIInterfaceOrientationLandscapeLeft UIInterfaceOrientationLandscapeRight";
				LD_RUNPATH_SEARCH_PATHS = (
					"$(inherited)",
					"@executable_path/Frameworks",
				);
				MARKETING_VERSION = 1.0;
				PRODUCT_BUNDLE_IDENTIFIER = com.taehwan.RickAndMorty;
				PRODUCT_NAME = "$(TARGET_NAME)";
				SWIFT_EMIT_LOC_STRINGS = YES;
				SWIFT_VERSION = 5.0;
				TARGETED_DEVICE_FAMILY = "1,2";
			};
			name = Release;
		};
/* End XCBuildConfiguration section */

/* Begin XCConfigurationList section */
		7B75763529A39A1E00AA4E35 /* Build configuration list for PBXProject "RickAndMorty" */ = {
			isa = XCConfigurationList;
			buildConfigurations = (
				7B75764C29A39A2000AA4E35 /* Debug */,
				7B75764D29A39A2000AA4E35 /* Release */,
			);
			defaultConfigurationIsVisible = 0;
			defaultConfigurationName = Release;
		};
		7B75764E29A39A2000AA4E35 /* Build configuration list for PBXNativeTarget "RickAndMorty" */ = {
			isa = XCConfigurationList;
			buildConfigurations = (
				7B75764F29A39A2000AA4E35 /* Debug */,
				7B75765029A39A2000AA4E35 /* Release */,
			);
			defaultConfigurationIsVisible = 0;
			defaultConfigurationName = Release;
		};
/* End XCConfigurationList section */
	};
	rootObject = 7B75763229A39A1E00AA4E35 /* Project object */;
}
